
Microsoft Visual Studio Solution File, Format Version 12.00
# Visual Studio Version 17
VisualStudioVersion = 17.0.32112.339
MinimumVisualStudioVersion = 10.0.40219.1
Project("{FAE04EC0-301F-11D3-BF4B-00C04F79EFBC}") = "SH_WindowsForms_Task4", "SH_WindowsForms_Task4\SH_WindowsForms_Task4.csproj", "{805CFF9F-DBCE-49DD-8230-F464F0F87E02}"
EndProject
Global
	GlobalSection(SolutionConfigurationPlatforms) = preSolution
		Debug|Any CPU = Debug|Any CPU
		Release|Any CPU = Release|Any CPU
	EndGlobalSection
	GlobalSection(ProjectConfigurationPlatforms) = postSolution
		{805CFF9F-DBCE-49DD-8230-F464F0F87E02}.Debug|Any CPU.ActiveCfg = Debug|Any CPU
		{805CFF9F-DBCE-49DD-8230-F464F0F87E02}.Debug|Any CPU.Build.0 = Debug|Any CPU
		{805CFF9F-DBCE-49DD-8230-F464F0F87E02}.Release|Any CPU.ActiveCfg = Release|Any CPU
		{805CFF9F-DBCE-49DD-8230-F464F0F87E02}.Release|Any CPU.Build.0 = Release|Any CPU
	EndGlobalSection
	GlobalSection(SolutionProperties) = preSolution
		HideSolutionNode = FALSE
	EndGlobalSection
	GlobalSection(ExtensibilityGlobals) = postSolution
		SolutionGuid = {EDC0F363-370F-47A9-B05E-C7AEF3A9A7D5}
	EndGlobalSection
EndGlobal
